
Microsoft Visual Studio Solution File, Format Version 12.00
# Visual Studio Version 16
VisualStudioVersion = 16.0.31729.503
MinimumVisualStudioVersion = 10.0.40219.1
Project("{9A19103F-16F7-4668-BE54-9A1E7A4F7556}") = "CompletelyStableApp.Console", "CompletelyStableApp.Console\CompletelyStableApp.Console.csproj", "{79304D5C-DA14-40C8-9D19-2C04694AAE68}"
EndProject
Project("{9A19103F-16F7-4668-BE54-9A1E7A4F7556}") = "CompletelyStableApp.Lib", "CompletelyStableApp.Lib\CompletelyStableApp.Lib.csproj", "{E83CE10E-6942-4002-A792-F3D7133C573C}"
EndProject
Project("{FAE04EC0-301F-11D3-BF4B-00C04F79EFBC}") = "CompletelyStableApp.Functions", "CompletelyStableApp.Functions\CompletelyStableApp.Functions.csproj", "{396418CB-6F97-467D-8976-63B91F8760E4}"
EndProject
Global
	GlobalSection(SolutionConfigurationPlatforms) = preSolution
		Debug|Any CPU = Debug|Any CPU
		Release|Any CPU = Release|Any CPU
	EndGlobalSection
	GlobalSection(ProjectConfigurationPlatforms) = postSolution
		{79304D5C-DA14-40C8-9D19-2C04694AAE68}.Debug|Any CPU.ActiveCfg = Debug|Any CPU
		{79304D5C-DA14-40C8-9D19-2C04694AAE68}.Debug|Any CPU.Build.0 = Debug|Any CPU
		{79304D5C-DA14-40C8-9D19-2C04694AAE68}.Release|Any CPU.ActiveCfg = Release|Any CPU
		{79304D5C-DA14-40C8-9D19-2C04694AAE68}.Release|Any CPU.Build.0 = Release|Any CPU
		{E83CE10E-6942-4002-A792-F3D7133C573C}.Debug|Any CPU.ActiveCfg = Debug|Any CPU
		{E83CE10E-6942-4002-A792-F3D7133C573C}.Debug|Any CPU.Build.0 = Debug|Any CPU
		{E83CE10E-6942-4002-A792-F3D7133C573C}.Release|Any CPU.ActiveCfg = Release|Any CPU
		{E83CE10E-6942-4002-A792-F3D7133C573C}.Release|Any CPU.Build.0 = Release|Any CPU
		{396418CB-6F97-467D-8976-63B91F8760E4}.Debug|Any CPU.ActiveCfg = Debug|Any CPU
		{396418CB-6F97-467D-8976-63B91F8760E4}.Debug|Any CPU.Build.0 = Debug|Any CPU
		{396418CB-6F97-467D-8976-63B91F8760E4}.Release|Any CPU.ActiveCfg = Release|Any CPU
		{396418CB-6F97-467D-8976-63B91F8760E4}.Release|Any CPU.Build.0 = Release|Any CPU
	EndGlobalSection
	GlobalSection(SolutionProperties) = preSolution
		HideSolutionNode = FALSE
	EndGlobalSection
	GlobalSection(ExtensibilityGlobals) = postSolution
		SolutionGuid = {228BC95A-7590-47D6-AEE1-FA29FCEC33DC}
	EndGlobalSection
EndGlobal
